
Microsoft Visual Studio Solution File, Format Version 12.00
# Visual Studio 15
VisualStudioVersion = 15.0.27513.1
MinimumVisualStudioVersion = 10.0.40219.1
Project("{FAE04EC0-301F-11D3-BF4B-00C04F79EFBC}") = "KestrelDynamicPort", "KestrelDynamicPort\KestrelDynamicPort.csproj", "{20BC9837-484F-4F9E-AE0A-00E7F1BB0E3E}"
EndProject
Global
	GlobalSection(SolutionConfigurationPlatforms) = preSolution
		Debug|Any CPU = Debug|Any CPU
		Release|Any CPU = Release|Any CPU
	EndGlobalSection
	GlobalSection(ProjectConfigurationPlatforms) = postSolution
		{20BC9837-484F-4F9E-AE0A-00E7F1BB0E3E}.Debug|Any CPU.ActiveCfg = Debug|Any CPU
		{20BC9837-484F-4F9E-AE0A-00E7F1BB0E3E}.Debug|Any CPU.Build.0 = Debug|Any CPU
		{20BC9837-484F-4F9E-AE0A-00E7F1BB0E3E}.Release|Any CPU.ActiveCfg = Release|Any CPU
		{20BC9837-484F-4F9E-AE0A-00E7F1BB0E3E}.Release|Any CPU.Build.0 = Release|Any CPU
	EndGlobalSection
	GlobalSection(SolutionProperties) = preSolution
		HideSolutionNode = FALSE
	EndGlobalSection
	GlobalSection(ExtensibilityGlobals) = postSolution
		SolutionGuid = {C8BF7B03-8BF5-4320-9F67-2E3E809D9560}
	EndGlobalSection
EndGlobal
